
Microsoft Visual Studio Solution File, Format Version 12.00
# Visual Studio Version 17
VisualStudioVersion = 17.5.33414.496
MinimumVisualStudioVersion = 10.0.40219.1
Project("{FAE04EC0-301F-11D3-BF4B-00C04F79EFBC}") = "BuggyTapeRecorder", "WindowsFormsApp1\BuggyTapeRecorder.csproj", "{4244D0ED-7BF5-4CA7-9B6C-224462949297}"
EndProject
Global
	GlobalSection(SolutionConfigurationPlatforms) = preSolution
		Debug|Any CPU = Debug|Any CPU
		Release|Any CPU = Release|Any CPU
	EndGlobalSection
	GlobalSection(ProjectConfigurationPlatforms) = postSolution
		{4244D0ED-7BF5-4CA7-9B6C-224462949297}.Debug|Any CPU.ActiveCfg = Debug|Any CPU
		{4244D0ED-7BF5-4CA7-9B6C-224462949297}.Debug|Any CPU.Build.0 = Debug|Any CPU
		{4244D0ED-7BF5-4CA7-9B6C-224462949297}.Release|Any CPU.ActiveCfg = Release|Any CPU
		{4244D0ED-7BF5-4CA7-9B6C-224462949297}.Release|Any CPU.Build.0 = Release|Any CPU
	EndGlobalSection
	GlobalSection(SolutionProperties) = preSolution
		HideSolutionNode = FALSE
	EndGlobalSection
	GlobalSection(ExtensibilityGlobals) = postSolution
		SolutionGuid = {69EB8A69-519D-4FC4-B443-457F82D6E070}
	EndGlobalSection
EndGlobal
